<Solution>
	<Folder Name="/Solution Items/">
		<File Path="../global.json" />
		<File Path="../nuget.config" />
		<File Path="../.editorconfig" />
		<File Path="../Directory.Packages.props" />
		<File Path="../package.json" />
		<File Path="Directory.Build.props" />
		<File Path="Directory.Build.targets" />
	</Folder>
	<Folder Name="/src/">
		<Project Path="src/ValueObjects/ValueObjects.csproj" />
		<Project Path="src/SourceGenerator/SourceGenerator.csproj" />
		<Project Path="src/SourceGenerator.Refactorings/SourceGenerator.Refactorings.csproj" />
	</Folder>
	<Folder Name="/tests/">
		<Project Path="tests/ValueObjects.UnitTests/ValueObjects.UnitTests.csproj" />
		<Project Path="tests/SourceGenerator.UnitTests/SourceGenerator.UnitTests.csproj" />
	</Folder>
	<Folder Name="/samples/">
		<Project Path="../samples/ValueObjects.Sample/ValueObjects.Sample.csproj" />
		<Project Path="../samples/ValueObjects.ZodSharpSample/ValueObjects.ZodSharpSample.csproj" />
	</Folder>
</Solution>
