<Solution>
	<Folder Name="/Solution Items/">
		<File Path="../global.json" />
		<File Path="../nuget.config" />
		<File Path="../.editorconfig" />
		<File Path="../Directory.Packages.props" />
		<File Path="../package.json" />
		<File Path="../purview-build.json" />
		<File Path="Directory.Build.props" />
		<File Path="Directory.Build.targets" />
	</Folder>
	<Folder Name="/src/">
		<Project Path="src/SourceGenerator.Refactorings/SourceGenerator.Refactorings.csproj" />
		<Project Path="src/SourceGenerator/SourceGenerator.csproj" />
		<Project Path="src/ValueObjects/ValueObjects.csproj" />
	</Folder>
	<Folder Name="/src/samples/">
		<Project Path="src/Sample/Sample.csproj" />
		<Project Path="src/ZodSharpSample/ZodSharpSample.csproj" />
		<Project Path="src/ZodSharp.AspNetCoreSample/ZodSharp.AspNetCoreSample.csproj" />
	</Folder>
	<Folder Name="/tests/">
		<Project Path="tests/SourceGenerator.UnitTests/SourceGenerator.UnitTests.csproj" />
		<Project Path="tests/SharedTestingInfra/SharedTestingInfra.csproj" Id="19e9e25d-c82c-4e71-af55-8bfb1a15598e" />
		<Project Path="tests/SourceGenerator.EFTests/SourceGenerator.EFTests.csproj" />
		<Project
			Path="tests/ValueObjects.IntegrationTests/ValueObjects.IntegrationTests.csproj"
			Id="04b4affd-f826-4d58-a237-d4d9ef7e3951"
		/>
		<Project Path="tests/ValueObjects.UnitTests/ValueObjects.UnitTests.csproj" />
	</Folder>
</Solution>
